
Microsoft Visual Studio Solution File, Format Version 12.00
# Visual Studio Version 17
VisualStudioVersion = 17.2.32616.157
MinimumVisualStudioVersion = 10.0.40219.1
Project("{FAE04EC0-301F-11D3-BF4B-00C04F79EFBC}") = "PhotoSelector", "PhotoSelector\PhotoSelector.csproj", "{27FBD8CE-4412-40C3-9AEC-A55A87F68985}"
EndProject
Global
	GlobalSection(SolutionConfigurationPlatforms) = preSolution
		Debug|Any CPU = Debug|Any CPU
		Release|Any CPU = Release|Any CPU
	EndGlobalSection
	GlobalSection(ProjectConfigurationPlatforms) = postSolution
		{27FBD8CE-4412-40C3-9AEC-A55A87F68985}.Debug|Any CPU.ActiveCfg = Debug|Any CPU
		{27FBD8CE-4412-40C3-9AEC-A55A87F68985}.Debug|Any CPU.Build.0 = Debug|Any CPU
		{27FBD8CE-4412-40C3-9AEC-A55A87F68985}.Release|Any CPU.ActiveCfg = Release|Any CPU
		{27FBD8CE-4412-40C3-9AEC-A55A87F68985}.Release|Any CPU.Build.0 = Release|Any CPU
	EndGlobalSection
	GlobalSection(SolutionProperties) = preSolution
		HideSolutionNode = FALSE
	EndGlobalSection
	GlobalSection(ExtensibilityGlobals) = postSolution
		SolutionGuid = {DC788AEC-B38A-4D7F-B280-95F298E774B5}
	EndGlobalSection
EndGlobal
